{
  "nodes": {
    "nixpkgs": {
      "locked": {
        "lastModified": 1681834390,
        "narHash": "sha256-PPomsSXZ8ERwX16H0TIzcL4MpdzeztOvEsqrNofTqiA=",
        "owner": "NixOS",
        "repo": "nixpkgs",
        "rev": "c149481b038e7a37f39fa6af645a89d7b8f8c281",
        "type": "github"
      },
      "original": {
        "owner": "NixOS",
        "repo": "nixpkgs",
        "type": "github"
      }
    },
    "root": {
      "inputs": {
        "nixpkgs": "nixpkgs"
      }
    }
  },
  "root": "root",
  "version": 7
}
